
Microsoft Visual Studio Solution File, Format Version 12.00
# Visual Studio Version 16
VisualStudioVersion = 16.0.29911.84
MinimumVisualStudioVersion = 10.0.40219.1
Project("{9A19103F-16F7-4668-BE54-9A1E7A4F7556}") = "BookStore_Api", "BookStore_Api.csproj", "{D1C367AB-C04B-4C5A-8D31-E8821D96EBC0}"
EndProject
Project("{9A19103F-16F7-4668-BE54-9A1E7A4F7556}") = "Model", "..\Model\Model.csproj", "{66C8698F-480E-499F-B3B8-D41F2608350F}"
EndProject
Project("{9A19103F-16F7-4668-BE54-9A1E7A4F7556}") = "BookStoreBussinessLayer", "..\Manager\BookStoreBussinessLayer.csproj", "{6386A1D7-8B7D-4640-ADC3-1A56057AE152}"
EndProject
Project("{9A19103F-16F7-4668-BE54-9A1E7A4F7556}") = "BookStoreRepositoryLayer", "..\Repository\BookStoreRepositoryLayer.csproj", "{FD1C8AF5-7395-4AA7-AB7C-6CC64E2BCDE7}"
EndProject
Project("{9A19103F-16F7-4668-BE54-9A1E7A4F7556}") = "NUnitTestBookStoreProject", "..\NUnitTestBookStoreProject\NUnitTestBookStoreProject.csproj", "{929E9097-249B-4B65-AFF5-C263D725C9F8}"
EndProject
Global
	GlobalSection(SolutionConfigurationPlatforms) = preSolution
		Debug|Any CPU = Debug|Any CPU
		Release|Any CPU = Release|Any CPU
	EndGlobalSection
	GlobalSection(ProjectConfigurationPlatforms) = postSolution
		{D1C367AB-C04B-4C5A-8D31-E8821D96EBC0}.Debug|Any CPU.ActiveCfg = Debug|Any CPU
		{D1C367AB-C04B-4C5A-8D31-E8821D96EBC0}.Debug|Any CPU.Build.0 = Debug|Any CPU
		{D1C367AB-C04B-4C5A-8D31-E8821D96EBC0}.Release|Any CPU.ActiveCfg = Release|Any CPU
		{D1C367AB-C04B-4C5A-8D31-E8821D96EBC0}.Release|Any CPU.Build.0 = Release|Any CPU
		{66C8698F-480E-499F-B3B8-D41F2608350F}.Debug|Any CPU.ActiveCfg = Debug|Any CPU
		{66C8698F-480E-499F-B3B8-D41F2608350F}.Debug|Any CPU.Build.0 = Debug|Any CPU
		{66C8698F-480E-499F-B3B8-D41F2608350F}.Release|Any CPU.ActiveCfg = Release|Any CPU
		{66C8698F-480E-499F-B3B8-D41F2608350F}.Release|Any CPU.Build.0 = Release|Any CPU
		{6386A1D7-8B7D-4640-ADC3-1A56057AE152}.Debug|Any CPU.ActiveCfg = Debug|Any CPU
		{6386A1D7-8B7D-4640-ADC3-1A56057AE152}.Debug|Any CPU.Build.0 = Debug|Any CPU
		{6386A1D7-8B7D-4640-ADC3-1A56057AE152}.Release|Any CPU.ActiveCfg = Release|Any CPU
		{6386A1D7-8B7D-4640-ADC3-1A56057AE152}.Release|Any CPU.Build.0 = Release|Any CPU
		{FD1C8AF5-7395-4AA7-AB7C-6CC64E2BCDE7}.Debug|Any CPU.ActiveCfg = Debug|Any CPU
		{FD1C8AF5-7395-4AA7-AB7C-6CC64E2BCDE7}.Debug|Any CPU.Build.0 = Debug|Any CPU
		{FD1C8AF5-7395-4AA7-AB7C-6CC64E2BCDE7}.Release|Any CPU.ActiveCfg = Release|Any CPU
		{FD1C8AF5-7395-4AA7-AB7C-6CC64E2BCDE7}.Release|Any CPU.Build.0 = Release|Any CPU
		{929E9097-249B-4B65-AFF5-C263D725C9F8}.Debug|Any CPU.ActiveCfg = Debug|Any CPU
		{929E9097-249B-4B65-AFF5-C263D725C9F8}.Debug|Any CPU.Build.0 = Debug|Any CPU
		{929E9097-249B-4B65-AFF5-C263D725C9F8}.Release|Any CPU.ActiveCfg = Release|Any CPU
		{929E9097-249B-4B65-AFF5-C263D725C9F8}.Release|Any CPU.Build.0 = Release|Any CPU
	EndGlobalSection
	GlobalSection(SolutionProperties) = preSolution
		HideSolutionNode = FALSE
	EndGlobalSection
	GlobalSection(ExtensibilityGlobals) = postSolution
		SolutionGuid = {F0399FF6-8187-4E09-BCEC-8C15F1A43E31}
	EndGlobalSection
EndGlobal
