
Microsoft Visual Studio Solution File, Format Version 12.00
# Visual Studio Version 16
VisualStudioVersion = 16.0.29920.165
MinimumVisualStudioVersion = 10.0.40219.1
Project("{9A19103F-16F7-4668-BE54-9A1E7A4F7556}") = "BookStore_Api", "BookStore_Api.csproj", "{C3F66D21-6F26-4EBD-8FB4-B6D17040234E}"
EndProject
Project("{9A19103F-16F7-4668-BE54-9A1E7A4F7556}") = "BookStoreBusinessLayer", "..\Manager\BookStoreBusinessLayer.csproj", "{5301F650-0F2C-48D6-9EAD-82EF7626F188}"
EndProject
Project("{9A19103F-16F7-4668-BE54-9A1E7A4F7556}") = "BokkStoreCommonLayer", "..\Model\BokkStoreCommonLayer.csproj", "{D6649486-8899-4314-836D-D72781190B01}"
EndProject
Project("{9A19103F-16F7-4668-BE54-9A1E7A4F7556}") = "BookStoreRepositoryLayer", "..\Repository\BookStoreRepositoryLayer.csproj", "{52FBB208-871A-450C-BBC4-642132321C0C}"
EndProject
Project("{9A19103F-16F7-4668-BE54-9A1E7A4F7556}") = "NUnitTestBookStoreProject", "..\NUnitTestBookStoreProject\NUnitTestBookStoreProject.csproj", "{6278CC36-3807-49CD-B5B0-EFBF5AE0A105}"
EndProject
Global
	GlobalSection(SolutionConfigurationPlatforms) = preSolution
		Debug|Any CPU = Debug|Any CPU
		Release|Any CPU = Release|Any CPU
	EndGlobalSection
	GlobalSection(ProjectConfigurationPlatforms) = postSolution
		{C3F66D21-6F26-4EBD-8FB4-B6D17040234E}.Debug|Any CPU.ActiveCfg = Debug|Any CPU
		{C3F66D21-6F26-4EBD-8FB4-B6D17040234E}.Debug|Any CPU.Build.0 = Debug|Any CPU
		{C3F66D21-6F26-4EBD-8FB4-B6D17040234E}.Release|Any CPU.ActiveCfg = Release|Any CPU
		{C3F66D21-6F26-4EBD-8FB4-B6D17040234E}.Release|Any CPU.Build.0 = Release|Any CPU
		{5301F650-0F2C-48D6-9EAD-82EF7626F188}.Debug|Any CPU.ActiveCfg = Debug|Any CPU
		{5301F650-0F2C-48D6-9EAD-82EF7626F188}.Debug|Any CPU.Build.0 = Debug|Any CPU
		{5301F650-0F2C-48D6-9EAD-82EF7626F188}.Release|Any CPU.ActiveCfg = Release|Any CPU
		{5301F650-0F2C-48D6-9EAD-82EF7626F188}.Release|Any CPU.Build.0 = Release|Any CPU
		{D6649486-8899-4314-836D-D72781190B01}.Debug|Any CPU.ActiveCfg = Debug|Any CPU
		{D6649486-8899-4314-836D-D72781190B01}.Debug|Any CPU.Build.0 = Debug|Any CPU
		{D6649486-8899-4314-836D-D72781190B01}.Release|Any CPU.ActiveCfg = Release|Any CPU
		{D6649486-8899-4314-836D-D72781190B01}.Release|Any CPU.Build.0 = Release|Any CPU
		{52FBB208-871A-450C-BBC4-642132321C0C}.Debug|Any CPU.ActiveCfg = Debug|Any CPU
		{52FBB208-871A-450C-BBC4-642132321C0C}.Debug|Any CPU.Build.0 = Debug|Any CPU
		{52FBB208-871A-450C-BBC4-642132321C0C}.Release|Any CPU.ActiveCfg = Release|Any CPU
		{52FBB208-871A-450C-BBC4-642132321C0C}.Release|Any CPU.Build.0 = Release|Any CPU
		{6278CC36-3807-49CD-B5B0-EFBF5AE0A105}.Debug|Any CPU.ActiveCfg = Debug|Any CPU
		{6278CC36-3807-49CD-B5B0-EFBF5AE0A105}.Debug|Any CPU.Build.0 = Debug|Any CPU
		{6278CC36-3807-49CD-B5B0-EFBF5AE0A105}.Release|Any CPU.ActiveCfg = Release|Any CPU
		{6278CC36-3807-49CD-B5B0-EFBF5AE0A105}.Release|Any CPU.Build.0 = Release|Any CPU
	EndGlobalSection
	GlobalSection(SolutionProperties) = preSolution
		HideSolutionNode = FALSE
	EndGlobalSection
	GlobalSection(ExtensibilityGlobals) = postSolution
		SolutionGuid = {04D6DF54-4455-49CC-B6A8-082CBACAF57B}
	EndGlobalSection
EndGlobal
